
Microsoft Visual Studio Solution File, Format Version 12.00
# Visual Studio Version 17
VisualStudioVersion = 17.5.33627.172
MinimumVisualStudioVersion = 10.0.40219.1
Project("{FAE04EC0-301F-11D3-BF4B-00C04F79EFBC}") = "MyMovieLibrary", "MyMovieLibrary\MyMovieLibrary.csproj", "{1D43055D-823D-4951-9554-F7607FE48B9A}"
EndProject
Global
	GlobalSection(SolutionConfigurationPlatforms) = preSolution
		Debug|Any CPU = Debug|Any CPU
		Release|Any CPU = Release|Any CPU
	EndGlobalSection
	GlobalSection(ProjectConfigurationPlatforms) = postSolution
		{1D43055D-823D-4951-9554-F7607FE48B9A}.Debug|Any CPU.ActiveCfg = Debug|Any CPU
		{1D43055D-823D-4951-9554-F7607FE48B9A}.Debug|Any CPU.Build.0 = Debug|Any CPU
		{1D43055D-823D-4951-9554-F7607FE48B9A}.Release|Any CPU.ActiveCfg = Release|Any CPU
		{1D43055D-823D-4951-9554-F7607FE48B9A}.Release|Any CPU.Build.0 = Release|Any CPU
	EndGlobalSection
	GlobalSection(SolutionProperties) = preSolution
		HideSolutionNode = FALSE
	EndGlobalSection
	GlobalSection(ExtensibilityGlobals) = postSolution
		SolutionGuid = {86CEAF77-81BE-43F6-9C26-542761A6538E}
	EndGlobalSection
EndGlobal
